// !$*UTF8*$!
{
	archiveVersion = 1;
	classes = {
	};
	objectVersion = 46;
	objects = {

/* Begin PBXBuildFile section */
		44112D931E93EB2D006D131C /* AppDelegate.swift in Sources */ = {isa = PBXBuildFile; fileRef = 44112D921E93EB2D006D131C /* AppDelegate.swift */; };
		44112D951E93EB2D006D131C /* ViewController.swift in Sources */ = {isa = PBXBuildFile; fileRef = 44112D941E93EB2D006D131C /* ViewController.swift */; };
		44112D981E93EB2D006D131C /* Main.storyboard in Resources */ = {isa = PBXBuildFile; fileRef = 44112D961E93EB2D006D131C /* Main.storyboard */; };
		44112D9B1E93EB2D006D131C /* MyCoreData.xcdatamodeld in Sources */ = {isa = PBXBuildFile; fileRef = 44112D991E93EB2D006D131C /* MyCoreData.xcdatamodeld */; };
		44112D9D1E93EB2D006D131C /* Assets.xcassets in Resources */ = {isa = PBXBuildFile; fileRef = 44112D9C1E93EB2D006D131C /* Assets.xcassets */; };
		44112DA01E93EB2D006D131C /* LaunchScreen.storyboard in Resources */ = {isa = PBXBuildFile; fileRef = 44112D9E1E93EB2D006D131C /* LaunchScreen.storyboard */; };
		44DA0CF71E9F136B002E05E8 /* 1.jpg in Resources */ = {isa = PBXBuildFile; fileRef = 44DA0CF61E9F136B002E05E8 /* 1.jpg */; };
		44DA0CF91E9F1B93002E05E8 /* secViewController.swift in Sources */ = {isa = PBXBuildFile; fileRef = 44DA0CF81E9F1B93002E05E8 /* secViewController.swift */; };
/* End PBXBuildFile section */

/* Begin PBXFileReference section */
		44112D8F1E93EB2D006D131C /* MyCoreData.app */ = {isa = PBXFileReference; explicitFileType = wrapper.application; includeInIndex = 0; path = MyCoreData.app; sourceTree = BUILT_PRODUCTS_DIR; };
		44112D921E93EB2D006D131C /* AppDelegate.swift */ = {isa = PBXFileReference; lastKnownFileType = sourcecode.swift; path = AppDelegate.swift; sourceTree = "<group>"; };
		44112D941E93EB2D006D131C /* ViewController.swift */ = {isa = PBXFileReference; lastKnownFileType = sourcecode.swift; path = ViewController.swift; sourceTree = "<group>"; };
		44112D9A1E93EB2D006D131C /* MyCoreData.xcdatamodel */ = {isa = PBXFileReference; lastKnownFileType = wrapper.xcdatamodel; path = MyCoreData.xcdatamodel; sourceTree = "<group>"; };
		44112D9C1E93EB2D006D131C /* Assets.xcassets */ = {isa = PBXFileReference; lastKnownFileType = folder.assetcatalog; path = Assets.xcassets; sourceTree = "<group>"; };
		44112DA11E93EB2D006D131C /* Info.plist */ = {isa = PBXFileReference; lastKnownFileType = text.plist.xml; path = Info.plist; sourceTree = "<group>"; };
		44DA0CF61E9F136B002E05E8 /* 1.jpg */ = {isa = PBXFileReference; lastKnownFileType = image.jpeg; path = 1.jpg; sourceTree = "<group>"; };
		44DA0CF81E9F1B93002E05E8 /* secViewController.swift */ = {isa = PBXFileReference; fileEncoding = 4; lastKnownFileType = sourcecode.swift; path = secViewController.swift; sourceTree = "<group>"; };
		44DA0CFC1E9F200B002E05E8 /* ar */ = {isa = PBXFileReference; lastKnownFileType = file.storyboard; name = ar; path = ar.lproj/Main.storyboard; sourceTree = "<group>"; };
		44DA0CFD1E9F200C002E05E8 /* ar */ = {isa = PBXFileReference; lastKnownFileType = file.storyboard; name = ar; path = ar.lproj/LaunchScreen.storyboard; sourceTree = "<group>"; };
/* End PBXFileReference section */

/* Begin PBXFrameworksBuildPhase section */
		44112D8C1E93EB2D006D131C /* Frameworks */ = {
			isa = PBXFrameworksBuildPhase;
			buildActionMask = 2147483647;
			files = (
			);
			runOnlyForDeploymentPostprocessing = 0;
		};
/* End PBXFrameworksBuildPhase section */

/* Begin PBXGroup section */
		44112D861E93EB2D006D131C = {
			isa = PBXGroup;
			children = (
				44112D911E93EB2D006D131C /* MyCoreData */,
				44112D901E93EB2D006D131C /* Products */,
			);
			sourceTree = "<group>";
		};
		44112D901E93EB2D006D131C /* Products */ = {
			isa = PBXGroup;
			children = (
				44112D8F1E93EB2D006D131C /* MyCoreData.app */,
			);
			name = Products;
			sourceTree = "<group>";
		};
		44112D911E93EB2D006D131C /* MyCoreData */ = {
			isa = PBXGroup;
			children = (
				44DA0CF61E9F136B002E05E8 /* 1.jpg */,
				44112D921E93EB2D006D131C /* AppDelegate.swift */,
				44112D941E93EB2D006D131C /* ViewController.swift */,
				44112D961E93EB2D006D131C /* Main.storyboard */,
				44DA0CF81E9F1B93002E05E8 /* secViewController.swift */,
				44112D9C1E93EB2D006D131C /* Assets.xcassets */,
				44112D9E1E93EB2D006D131C /* LaunchScreen.storyboard */,
				44112DA11E93EB2D006D131C /* Info.plist */,
				44112D991E93EB2D006D131C /* MyCoreData.xcdatamodeld */,
			);
			path = MyCoreData;
			sourceTree = "<group>";
		};
/* End PBXGroup section */

/* Begin PBXNativeTarget section */
		44112D8E1E93EB2D006D131C /* MyCoreData */ = {
			isa = PBXNativeTarget;
			buildConfigurationList = 44112DA41E93EB2D006D131C /* Build configuration list for PBXNativeTarget "MyCoreData" */;
			buildPhases = (
				44112D8B1E93EB2D006D131C /* Sources */,
				44112D8C1E93EB2D006D131C /* Frameworks */,
				44112D8D1E93EB2D006D131C /* Resources */,
			);
			buildRules = (
			);
			dependencies = (
			);
			name = MyCoreData;
			productName = MyCoreData;
			productReference = 44112D8F1E93EB2D006D131C /* MyCoreData.app */;
			productType = "com.apple.product-type.application";
		};
/* End PBXNativeTarget section */

/* Begin PBXProject section */
		44112D871E93EB2D006D131C /* Project object */ = {
			isa = PBXProject;
			attributes = {
				LastSwiftUpdateCheck = 0820;
				LastUpgradeCheck = 0820;
				ORGANIZATIONNAME = jayesh;
				TargetAttributes = {
					44112D8E1E93EB2D006D131C = {
						CreatedOnToolsVersion = 8.2.1;
						ProvisioningStyle = Automatic;
					};
				};
			};
			buildConfigurationList = 44112D8A1E93EB2D006D131C /* Build configuration list for PBXProject "MyCoreData" */;
			compatibilityVersion = "Xcode 3.2";
			developmentRegion = English;
			hasScannedForEncodings = 0;
			knownRegions = (
				en,
			);
			mainGroup = 44112D861E93EB2D006D131C;
			productRefGroup = 44112D901E93EB2D006D131C /* Products */;
			projectDirPath = "";
			projectRoot = "";
			targets = (
				44112D8E1E93EB2D006D131C /* MyCoreData */,
			);
		};
/* End PBXProject section */

/* Begin PBXResourcesBuildPhase section */
		44112D8D1E93EB2D006D131C /* Resources */ = {
			isa = PBXResourcesBuildPhase;
			buildActionMask = 2147483647;
			files = (
				44112DA01E93EB2D006D131C /* LaunchScreen.storyboard in Resources */,
				44DA0CF71E9F136B002E05E8 /* 1.jpg in Resources */,
				44112D9D1E93EB2D006D131C /* Assets.xcassets in Resources */,
				44112D981E93EB2D006D131C /* Main.storyboard in Resources */,
			);
			runOnlyForDeploymentPostprocessing = 0;
		};
/* End PBXResourcesBuildPhase section */

/* Begin PBXSourcesBuildPhase section */
		44112D8B1E93EB2D006D131C /* Sources */ = {
			isa = PBXSourcesBuildPhase;
			buildActionMask = 2147483647;
			files = (
				44DA0CF91E9F1B93002E05E8 /* secViewController.swift in Sources */,
				44112D951E93EB2D006D131C /* ViewController.swift in Sources */,
				44112D931E93EB2D006D131C /* AppDelegate.swift in Sources */,
				44112D9B1E93EB2D006D131C /* MyCoreData.xcdatamodeld in Sources */,
			);
			runOnlyForDeploymentPostprocessing = 0;
		};
/* End PBXSourcesBuildPhase section */

/* Begin PBXVariantGroup section */
		44112D961E93EB2D006D131C /* Main.storyboard */ = {
			isa = PBXVariantGroup;
			children = (
				44DA0CFC1E9F200B002E05E8 /* ar */,
			);
			name = Main.storyboard;
			sourceTree = "<group>";
		};
		44112D9E1E93EB2D006D131C /* LaunchScreen.storyboard */ = {
			isa = PBXVariantGroup;
			children = (
				44DA0CFD1E9F200C002E05E8 /* ar */,
			);
			name = LaunchScreen.storyboard;
			sourceTree = "<group>";
		};
/* End PBXVariantGroup section */

/* Begin XCBuildConfiguration section */
		44112DA21E93EB2D006D131C /* Debug */ = {
			isa = XCBuildConfiguration;
			buildSettings = {
				ALWAYS_SEARCH_USER_PATHS = NO;
				CLANG_ANALYZER_LOCALIZABILITY_NONLOCALIZED = YES;
				CLANG_ANALYZER_NONNULL = YES;
				CLANG_CXX_LANGUAGE_STANDARD = "gnu++0x";
				CLANG_CXX_LIBRARY = "libc++";
				CLANG_ENABLE_MODULES = YES;
				CLANG_ENABLE_OBJC_ARC = YES;
				CLANG_WARN_BOOL_CONVERSION = YES;
				CLANG_WARN_CONSTANT_CONVERSION = YES;
				CLANG_WARN_DIRECT_OBJC_ISA_USAGE = YES_ERROR;
				CLANG_WARN_DOCUMENTATION_COMMENTS = YES;
				CLANG_WARN_EMPTY_BODY = YES;
				CLANG_WARN_ENUM_CONVERSION = YES;
				CLANG_WARN_INFINITE_RECURSION = YES;
				CLANG_WARN_INT_CONVERSION = YES;
				CLANG_WARN_OBJC_ROOT_CLASS = YES_ERROR;
				CLANG_WARN_SUSPICIOUS_MOVE = YES;
				CLANG_WARN_UNREACHABLE_CODE = YES;
				CLANG_WARN__DUPLICATE_METHOD_MATCH = YES;
				"CODE_SIGN_IDENTITY[sdk=iphoneos*]" = "iPhone Developer";
				COPY_PHASE_STRIP = NO;
				DEBUG_INFORMATION_FORMAT = dwarf;
				ENABLE_STRICT_OBJC_MSGSEND = YES;
				ENABLE_TESTABILITY = YES;
				GCC_C_LANGUAGE_STANDARD = gnu99;
				GCC_DYNAMIC_NO_PIC = NO;
				GCC_NO_COMMON_BLOCKS = YES;
				GCC_OPTIMIZATION_LEVEL = 0;
				GCC_PREPROCESSOR_DEFINITIONS = (
					"DEBUG=1",
					"$(inherited)",
				);
				GCC_WARN_64_TO_32_BIT_CONVERSION = YES;
				GCC_WARN_ABOUT_RETURN_TYPE = YES_ERROR;
				GCC_WARN_UNDECLARED_SELECTOR = YES;
				GCC_WARN_UNINITIALIZED_AUTOS = YES_AGGRESSIVE;
				GCC_WARN_UNUSED_FUNCTION = YES;
				GCC_WARN_UNUSED_VARIABLE = YES;
				IPHONEOS_DEPLOYMENT_TARGET = 10.2;
				MTL_ENABLE_DEBUG_INFO = YES;
				ONLY_ACTIVE_ARCH = YES;
				SDKROOT = iphoneos;
				SWIFT_ACTIVE_COMPILATION_CONDITIONS = DEBUG;
				SWIFT_OPTIMIZATION_LEVEL = "-Onone";
			};
			name = Debug;
		};
		44112DA31E93EB2D006D131C /* Release */ = {
			isa = XCBuildConfiguration;
			buildSettings = {
				ALWAYS_SEARCH_USER_PATHS = NO;
				CLANG_ANALYZER_LOCALIZABILITY_NONLOCALIZED = YES;
				CLANG_ANALYZER_NONNULL = YES;
				CLANG_CXX_LANGUAGE_STANDARD = "gnu++0x";
				CLANG_CXX_LIBRARY = "libc++";
				CLANG_ENABLE_MODULES = YES;
				CLANG_ENABLE_OBJC_ARC = YES;
				CLANG_WARN_BOOL_CONVERSION = YES;
				CLANG_WARN_CONSTANT_CONVERSION = YES;
				CLANG_WARN_DIRECT_OBJC_ISA_USAGE = YES_ERROR;
				CLANG_WARN_DOCUMENTATION_COMMENTS = YES;
				CLANG_WARN_EMPTY_BODY = YES;
				CLANG_WARN_ENUM_CONVERSION = YES;
				CLANG_WARN_INFINITE_RECURSION = YES;
				CLANG_WARN_INT_CONVERSION = YES;
				CLANG_WARN_OBJC_ROOT_CLASS = YES_ERROR;
				CLANG_WARN_SUSPICIOUS_MOVE = YES;
				CLANG_WARN_UNREACHABLE_CODE = YES;
				CLANG_WARN__DUPLICATE_METHOD_MATCH = YES;
				"CODE_SIGN_IDENTITY[sdk=iphoneos*]" = "iPhone Developer";
				COPY_PHASE_STRIP = NO;
				DEBUG_INFORMATION_FORMAT = "dwarf-with-dsym";
				ENABLE_NS_ASSERTIONS = NO;
				ENABLE_STRICT_OBJC_MSGSEND = YES;
				GCC_C_LANGUAGE_STANDARD = gnu99;
				GCC_NO_COMMON_BLOCKS = YES;
				GCC_WARN_64_TO_32_BIT_CONVERSION = YES;
				GCC_WARN_ABOUT_RETURN_TYPE = YES_ERROR;
				GCC_WARN_UNDECLARED_SELECTOR = YES;
				GCC_WARN_UNINITIALIZED_AUTOS = YES_AGGRESSIVE;
				GCC_WARN_UNUSED_FUNCTION = YES;
				GCC_WARN_UNUSED_VARIABLE = YES;
				IPHONEOS_DEPLOYMENT_TARGET = 10.2;
				MTL_ENABLE_DEBUG_INFO = NO;
				SDKROOT = iphoneos;
				SWIFT_OPTIMIZATION_LEVEL = "-Owholemodule";
				VALIDATE_PRODUCT = YES;
			};
			name = Release;
		};
		44112DA51E93EB2D006D131C /* Debug */ = {
			isa = XCBuildConfiguration;
			buildSettings = {
				ASSETCATALOG_COMPILER_APPICON_NAME = AppIcon;
				INFOPLIST_FILE = MyCoreData/Info.plist;
				LD_RUNPATH_SEARCH_PATHS = "$(inherited) @executable_path/Frameworks";
				PRODUCT_BUNDLE_IDENTIFIER = Ravenous.MyCoreData;
				PRODUCT_NAME = "$(TARGET_NAME)";
				SWIFT_VERSION = 3.0;
			};
			name = Debug;
		};
		44112DA61E93EB2D006D131C /* Release */ = {
			isa = XCBuildConfiguration;
			buildSettings = {
				ASSETCATALOG_COMPILER_APPICON_NAME = AppIcon;
				INFOPLIST_FILE = MyCoreData/Info.plist;
				LD_RUNPATH_SEARCH_PATHS = "$(inherited) @executable_path/Frameworks";
				PRODUCT_BUNDLE_IDENTIFIER = Ravenous.MyCoreData;
				PRODUCT_NAME = "$(TARGET_NAME)";
				SWIFT_VERSION = 3.0;
			};
			name = Release;
		};
/* End XCBuildConfiguration section */

/* Begin XCConfigurationList section */
		44112D8A1E93EB2D006D131C /* Build configuration list for PBXProject "MyCoreData" */ = {
			isa = XCConfigurationList;
			buildConfigurations = (
				44112DA21E93EB2D006D131C /* Debug */,
				44112DA31E93EB2D006D131C /* Release */,
			);
			defaultConfigurationIsVisible = 0;
			defaultConfigurationName = Release;
		};
		44112DA41E93EB2D006D131C /* Build configuration list for PBXNativeTarget "MyCoreData" */ = {
			isa = XCConfigurationList;
			buildConfigurations = (
				44112DA51E93EB2D006D131C /* Debug */,
				44112DA61E93EB2D006D131C /* Release */,
			);
			defaultConfigurationIsVisible = 0;
			defaultConfigurationName = Release;
		};
/* End XCConfigurationList section */

/* Begin XCVersionGroup section */
		44112D991E93EB2D006D131C /* MyCoreData.xcdatamodeld */ = {
			isa = XCVersionGroup;
			children = (
				44112D9A1E93EB2D006D131C /* MyCoreData.xcdatamodel */,
			);
			currentVersion = 44112D9A1E93EB2D006D131C /* MyCoreData.xcdatamodel */;
			path = MyCoreData.xcdatamodeld;
			sourceTree = "<group>";
			versionGroupType = wrapper.xcdatamodel;
		};
/* End XCVersionGroup section */
	};
	rootObject = 44112D871E93EB2D006D131C /* Project object */;
}
